
Microsoft Visual Studio Solution File, Format Version 12.00
# Visual Studio Version 17
VisualStudioVersion = 17.5.001.0
MinimumVisualStudioVersion = 10.0.40219.1
Project("{9A19103F-16F7-4668-BE54-9A1E7A4F7556}") = "minimal-api-swagger", "minimal-api-swagger.csproj", "{C3DE7689-B2B8-4839-9E9F-ED7E65FAF3FE}"
EndProject
Global
	GlobalSection(SolutionConfigurationPlatforms) = preSolution
		Debug|Any CPU = Debug|Any CPU
		Release|Any CPU = Release|Any CPU
	EndGlobalSection
	GlobalSection(ProjectConfigurationPlatforms) = postSolution
		{C3DE7689-B2B8-4839-9E9F-ED7E65FAF3FE}.Debug|Any CPU.ActiveCfg = Debug|Any CPU
		{C3DE7689-B2B8-4839-9E9F-ED7E65FAF3FE}.Debug|Any CPU.Build.0 = Debug|Any CPU
		{C3DE7689-B2B8-4839-9E9F-ED7E65FAF3FE}.Release|Any CPU.ActiveCfg = Release|Any CPU
		{C3DE7689-B2B8-4839-9E9F-ED7E65FAF3FE}.Release|Any CPU.Build.0 = Release|Any CPU
	EndGlobalSection
	GlobalSection(SolutionProperties) = preSolution
		HideSolutionNode = FALSE
	EndGlobalSection
	GlobalSection(ExtensibilityGlobals) = postSolution
		SolutionGuid = {5E514974-72F7-44C2-A124-ADDCC79604FA}
	EndGlobalSection
EndGlobal
